
Microsoft Visual Studio Solution File, Format Version 12.00
# Visual Studio 15
VisualStudioVersion = 15.0.26730.3
MinimumVisualStudioVersion = 10.0.40219.1
Project("{9A19103F-16F7-4668-BE54-9A1E7A4F7556}") = "Crash.Fit.Web", "Crash.Fit.Web\Crash.Fit.Web.csproj", "{D5471748-BCA1-406F-9080-62C3108F9294}"
EndProject
Project("{9A19103F-16F7-4668-BE54-9A1E7A4F7556}") = "Crash.Fit.Core", "Crash.Fit.Core\Crash.Fit.Core.csproj", "{68ED8245-80D4-4C99-A5AB-C02CEF3F4D8E}"
EndProject
Project("{9A19103F-16F7-4668-BE54-9A1E7A4F7556}") = "FineliImport", "..\FineliImport\FineliImport.csproj", "{91AC4FC0-B7F5-424F-933B-F7B58E26B091}"
EndProject
Project("{2150E333-8FDC-42A3-9474-1A3956D46DE8}") = "Solution Items", "Solution Items", "{2547AF9D-7FE2-4B6F-8378-F54E23B65037}"
	ProjectSection(SolutionItems) = preProject
		..\global.json = ..\global.json
	EndProjectSection
EndProject
Project("{2150E333-8FDC-42A3-9474-1A3956D46DE8}") = "Mobile", "Mobile", "{E26E9C00-64C0-46AB-8B4E-8327B0349242}"
EndProject
Project("{FAE04EC0-301F-11D3-BF4B-00C04F79EFBC}") = "Crash.Fit.Mobile.Android", "Crash.Fit.Mobile\Crash.Fit.Mobile.Android\Crash.Fit.Mobile.Android.csproj", "{1DAE1817-72D2-4E1E-BD95-5EA8AC4E5725}"
EndProject
Project("{FAE04EC0-301F-11D3-BF4B-00C04F79EFBC}") = "Crash.Fit.Mobile.iOS", "Crash.Fit.Mobile\Crash.Fit.Mobile.iOS\Crash.Fit.Mobile.iOS.csproj", "{9F6F3EE9-B09A-48A3-B54C-DB303868A5B5}"
EndProject
Project("{9A19103F-16F7-4668-BE54-9A1E7A4F7556}") = "Crash.Fit.Mobile", "Crash.Fit.Mobile\Crash.Fit.Mobile\Crash.Fit.Mobile.csproj", "{F428AEF5-58F7-4937-8C62-AD6526082595}"
EndProject
Project("{9A19103F-16F7-4668-BE54-9A1E7A4F7556}") = "Crash.Fit.Api", "Crash.Fit.Api\Crash.Fit.Api.csproj", "{09315620-41F3-49F1-AFA8-0C71C10A7578}"
EndProject
Global
	GlobalSection(SolutionConfigurationPlatforms) = preSolution
		Ad-Hoc|Any CPU = Ad-Hoc|Any CPU
		Ad-Hoc|iPhone = Ad-Hoc|iPhone
		Ad-Hoc|iPhoneSimulator = Ad-Hoc|iPhoneSimulator
		AppStore|Any CPU = AppStore|Any CPU
		AppStore|iPhone = AppStore|iPhone
		AppStore|iPhoneSimulator = AppStore|iPhoneSimulator
		Debug|Any CPU = Debug|Any CPU
		Debug|iPhone = Debug|iPhone
		Debug|iPhoneSimulator = Debug|iPhoneSimulator
		Release|Any CPU = Release|Any CPU
		Release|iPhone = Release|iPhone
		Release|iPhoneSimulator = Release|iPhoneSimulator
	EndGlobalSection
	GlobalSection(ProjectConfigurationPlatforms) = postSolution
		{D5471748-BCA1-406F-9080-62C3108F9294}.Ad-Hoc|Any CPU.ActiveCfg = Release|Any CPU
		{D5471748-BCA1-406F-9080-62C3108F9294}.Ad-Hoc|Any CPU.Build.0 = Release|Any CPU
		{D5471748-BCA1-406F-9080-62C3108F9294}.Ad-Hoc|iPhone.ActiveCfg = Release|Any CPU
		{D5471748-BCA1-406F-9080-62C3108F9294}.Ad-Hoc|iPhone.Build.0 = Release|Any CPU
		{D5471748-BCA1-406F-9080-62C3108F9294}.Ad-Hoc|iPhoneSimulator.ActiveCfg = Release|Any CPU
		{D5471748-BCA1-406F-9080-62C3108F9294}.Ad-Hoc|iPhoneSimulator.Build.0 = Release|Any CPU
		{D5471748-BCA1-406F-9080-62C3108F9294}.AppStore|Any CPU.ActiveCfg = Release|Any CPU
		{D5471748-BCA1-406F-9080-62C3108F9294}.AppStore|Any CPU.Build.0 = Release|Any CPU
		{D5471748-BCA1-406F-9080-62C3108F9294}.AppStore|iPhone.ActiveCfg = Release|Any CPU
		{D5471748-BCA1-406F-9080-62C3108F9294}.AppStore|iPhone.Build.0 = Release|Any CPU
		{D5471748-BCA1-406F-9080-62C3108F9294}.AppStore|iPhoneSimulator.ActiveCfg = Release|Any CPU
		{D5471748-BCA1-406F-9080-62C3108F9294}.AppStore|iPhoneSimulator.Build.0 = Release|Any CPU
		{D5471748-BCA1-406F-9080-62C3108F9294}.Debug|Any CPU.ActiveCfg = Debug|Any CPU
		{D5471748-BCA1-406F-9080-62C3108F9294}.Debug|Any CPU.Build.0 = Debug|Any CPU
		{D5471748-BCA1-406F-9080-62C3108F9294}.Debug|iPhone.ActiveCfg = Debug|Any CPU
		{D5471748-BCA1-406F-9080-62C3108F9294}.Debug|iPhone.Build.0 = Debug|Any CPU
		{D5471748-BCA1-406F-9080-62C3108F9294}.Debug|iPhoneSimulator.ActiveCfg = Debug|Any CPU
		{D5471748-BCA1-406F-9080-62C3108F9294}.Debug|iPhoneSimulator.Build.0 = Debug|Any CPU
		{D5471748-BCA1-406F-9080-62C3108F9294}.Release|Any CPU.ActiveCfg = Release|Any CPU
		{D5471748-BCA1-406F-9080-62C3108F9294}.Release|Any CPU.Build.0 = Release|Any CPU
		{D5471748-BCA1-406F-9080-62C3108F9294}.Release|iPhone.ActiveCfg = Release|Any CPU
		{D5471748-BCA1-406F-9080-62C3108F9294}.Release|iPhone.Build.0 = Release|Any CPU
		{D5471748-BCA1-406F-9080-62C3108F9294}.Release|iPhoneSimulator.ActiveCfg = Release|Any CPU
		{D5471748-BCA1-406F-9080-62C3108F9294}.Release|iPhoneSimulator.Build.0 = Release|Any CPU
		{68ED8245-80D4-4C99-A5AB-C02CEF3F4D8E}.Ad-Hoc|Any CPU.ActiveCfg = Release|Any CPU
		{68ED8245-80D4-4C99-A5AB-C02CEF3F4D8E}.Ad-Hoc|Any CPU.Build.0 = Release|Any CPU
		{68ED8245-80D4-4C99-A5AB-C02CEF3F4D8E}.Ad-Hoc|iPhone.ActiveCfg = Release|Any CPU
		{68ED8245-80D4-4C99-A5AB-C02CEF3F4D8E}.Ad-Hoc|iPhone.Build.0 = Release|Any CPU
		{68ED8245-80D4-4C99-A5AB-C02CEF3F4D8E}.Ad-Hoc|iPhoneSimulator.ActiveCfg = Release|Any CPU
		{68ED8245-80D4-4C99-A5AB-C02CEF3F4D8E}.Ad-Hoc|iPhoneSimulator.Build.0 = Release|Any CPU
		{68ED8245-80D4-4C99-A5AB-C02CEF3F4D8E}.AppStore|Any CPU.ActiveCfg = Release|Any CPU
		{68ED8245-80D4-4C99-A5AB-C02CEF3F4D8E}.AppStore|Any CPU.Build.0 = Release|Any CPU
		{68ED8245-80D4-4C99-A5AB-C02CEF3F4D8E}.AppStore|iPhone.ActiveCfg = Release|Any CPU
		{68ED8245-80D4-4C99-A5AB-C02CEF3F4D8E}.AppStore|iPhone.Build.0 = Release|Any CPU
		{68ED8245-80D4-4C99-A5AB-C02CEF3F4D8E}.AppStore|iPhoneSimulator.ActiveCfg = Release|Any CPU
		{68ED8245-80D4-4C99-A5AB-C02CEF3F4D8E}.AppStore|iPhoneSimulator.Build.0 = Release|Any CPU
		{68ED8245-80D4-4C99-A5AB-C02CEF3F4D8E}.Debug|Any CPU.ActiveCfg = Debug|Any CPU
		{68ED8245-80D4-4C99-A5AB-C02CEF3F4D8E}.Debug|Any CPU.Build.0 = Debug|Any CPU
		{68ED8245-80D4-4C99-A5AB-C02CEF3F4D8E}.Debug|iPhone.ActiveCfg = Debug|Any CPU
		{68ED8245-80D4-4C99-A5AB-C02CEF3F4D8E}.Debug|iPhone.Build.0 = Debug|Any CPU
		{68ED8245-80D4-4C99-A5AB-C02CEF3F4D8E}.Debug|iPhoneSimulator.ActiveCfg = Debug|Any CPU
		{68ED8245-80D4-4C99-A5AB-C02CEF3F4D8E}.Debug|iPhoneSimulator.Build.0 = Debug|Any CPU
		{68ED8245-80D4-4C99-A5AB-C02CEF3F4D8E}.Release|Any CPU.ActiveCfg = Release|Any CPU
		{68ED8245-80D4-4C99-A5AB-C02CEF3F4D8E}.Release|Any CPU.Build.0 = Release|Any CPU
		{68ED8245-80D4-4C99-A5AB-C02CEF3F4D8E}.Release|iPhone.ActiveCfg = Release|Any CPU
		{68ED8245-80D4-4C99-A5AB-C02CEF3F4D8E}.Release|iPhone.Build.0 = Release|Any CPU
		{68ED8245-80D4-4C99-A5AB-C02CEF3F4D8E}.Release|iPhoneSimulator.ActiveCfg = Release|Any CPU
		{68ED8245-80D4-4C99-A5AB-C02CEF3F4D8E}.Release|iPhoneSimulator.Build.0 = Release|Any CPU
		{91AC4FC0-B7F5-424F-933B-F7B58E26B091}.Ad-Hoc|Any CPU.ActiveCfg = Release|Any CPU
		{91AC4FC0-B7F5-424F-933B-F7B58E26B091}.Ad-Hoc|iPhone.ActiveCfg = Release|Any CPU
		{91AC4FC0-B7F5-424F-933B-F7B58E26B091}.Ad-Hoc|iPhoneSimulator.ActiveCfg = Release|Any CPU
		{91AC4FC0-B7F5-424F-933B-F7B58E26B091}.AppStore|Any CPU.ActiveCfg = Release|Any CPU
		{91AC4FC0-B7F5-424F-933B-F7B58E26B091}.AppStore|iPhone.ActiveCfg = Release|Any CPU
		{91AC4FC0-B7F5-424F-933B-F7B58E26B091}.AppStore|iPhoneSimulator.ActiveCfg = Release|Any CPU
		{91AC4FC0-B7F5-424F-933B-F7B58E26B091}.Debug|Any CPU.ActiveCfg = Debug|Any CPU
		{91AC4FC0-B7F5-424F-933B-F7B58E26B091}.Debug|Any CPU.Build.0 = Debug|Any CPU
		{91AC4FC0-B7F5-424F-933B-F7B58E26B091}.Debug|iPhone.ActiveCfg = Debug|Any CPU
		{91AC4FC0-B7F5-424F-933B-F7B58E26B091}.Debug|iPhoneSimulator.ActiveCfg = Debug|Any CPU
		{91AC4FC0-B7F5-424F-933B-F7B58E26B091}.Release|Any CPU.ActiveCfg = Release|Any CPU
		{91AC4FC0-B7F5-424F-933B-F7B58E26B091}.Release|Any CPU.Build.0 = Release|Any CPU
		{91AC4FC0-B7F5-424F-933B-F7B58E26B091}.Release|iPhone.ActiveCfg = Release|Any CPU
		{91AC4FC0-B7F5-424F-933B-F7B58E26B091}.Release|iPhoneSimulator.ActiveCfg = Release|Any CPU
		{1DAE1817-72D2-4E1E-BD95-5EA8AC4E5725}.Ad-Hoc|Any CPU.ActiveCfg = Release|Any CPU
		{1DAE1817-72D2-4E1E-BD95-5EA8AC4E5725}.Ad-Hoc|Any CPU.Build.0 = Release|Any CPU
		{1DAE1817-72D2-4E1E-BD95-5EA8AC4E5725}.Ad-Hoc|Any CPU.Deploy.0 = Release|Any CPU
		{1DAE1817-72D2-4E1E-BD95-5EA8AC4E5725}.Ad-Hoc|iPhone.ActiveCfg = Release|Any CPU
		{1DAE1817-72D2-4E1E-BD95-5EA8AC4E5725}.Ad-Hoc|iPhone.Build.0 = Release|Any CPU
		{1DAE1817-72D2-4E1E-BD95-5EA8AC4E5725}.Ad-Hoc|iPhone.Deploy.0 = Release|Any CPU
		{1DAE1817-72D2-4E1E-BD95-5EA8AC4E5725}.Ad-Hoc|iPhoneSimulator.ActiveCfg = Release|Any CPU
		{1DAE1817-72D2-4E1E-BD95-5EA8AC4E5725}.Ad-Hoc|iPhoneSimulator.Build.0 = Release|Any CPU
		{1DAE1817-72D2-4E1E-BD95-5EA8AC4E5725}.Ad-Hoc|iPhoneSimulator.Deploy.0 = Release|Any CPU
		{1DAE1817-72D2-4E1E-BD95-5EA8AC4E5725}.AppStore|Any CPU.ActiveCfg = Release|Any CPU
		{1DAE1817-72D2-4E1E-BD95-5EA8AC4E5725}.AppStore|Any CPU.Build.0 = Release|Any CPU
		{1DAE1817-72D2-4E1E-BD95-5EA8AC4E5725}.AppStore|Any CPU.Deploy.0 = Release|Any CPU
		{1DAE1817-72D2-4E1E-BD95-5EA8AC4E5725}.AppStore|iPhone.ActiveCfg = Release|Any CPU
		{1DAE1817-72D2-4E1E-BD95-5EA8AC4E5725}.AppStore|iPhone.Build.0 = Release|Any CPU
		{1DAE1817-72D2-4E1E-BD95-5EA8AC4E5725}.AppStore|iPhone.Deploy.0 = Release|Any CPU
		{1DAE1817-72D2-4E1E-BD95-5EA8AC4E5725}.AppStore|iPhoneSimulator.ActiveCfg = Release|Any CPU
		{1DAE1817-72D2-4E1E-BD95-5EA8AC4E5725}.AppStore|iPhoneSimulator.Build.0 = Release|Any CPU
		{1DAE1817-72D2-4E1E-BD95-5EA8AC4E5725}.AppStore|iPhoneSimulator.Deploy.0 = Release|Any CPU
		{1DAE1817-72D2-4E1E-BD95-5EA8AC4E5725}.Debug|Any CPU.ActiveCfg = Debug|Any CPU
		{1DAE1817-72D2-4E1E-BD95-5EA8AC4E5725}.Debug|Any CPU.Build.0 = Debug|Any CPU
		{1DAE1817-72D2-4E1E-BD95-5EA8AC4E5725}.Debug|Any CPU.Deploy.0 = Debug|Any CPU
		{1DAE1817-72D2-4E1E-BD95-5EA8AC4E5725}.Debug|iPhone.ActiveCfg = Debug|Any CPU
		{1DAE1817-72D2-4E1E-BD95-5EA8AC4E5725}.Debug|iPhone.Build.0 = Debug|Any CPU
		{1DAE1817-72D2-4E1E-BD95-5EA8AC4E5725}.Debug|iPhone.Deploy.0 = Debug|Any CPU
		{1DAE1817-72D2-4E1E-BD95-5EA8AC4E5725}.Debug|iPhoneSimulator.ActiveCfg = Debug|Any CPU
		{1DAE1817-72D2-4E1E-BD95-5EA8AC4E5725}.Debug|iPhoneSimulator.Build.0 = Debug|Any CPU
		{1DAE1817-72D2-4E1E-BD95-5EA8AC4E5725}.Debug|iPhoneSimulator.Deploy.0 = Debug|Any CPU
		{1DAE1817-72D2-4E1E-BD95-5EA8AC4E5725}.Release|Any CPU.ActiveCfg = Release|Any CPU
		{1DAE1817-72D2-4E1E-BD95-5EA8AC4E5725}.Release|Any CPU.Build.0 = Release|Any CPU
		{1DAE1817-72D2-4E1E-BD95-5EA8AC4E5725}.Release|Any CPU.Deploy.0 = Release|Any CPU
		{1DAE1817-72D2-4E1E-BD95-5EA8AC4E5725}.Release|iPhone.ActiveCfg = Release|Any CPU
		{1DAE1817-72D2-4E1E-BD95-5EA8AC4E5725}.Release|iPhone.Build.0 = Release|Any CPU
		{1DAE1817-72D2-4E1E-BD95-5EA8AC4E5725}.Release|iPhone.Deploy.0 = Release|Any CPU
		{1DAE1817-72D2-4E1E-BD95-5EA8AC4E5725}.Release|iPhoneSimulator.ActiveCfg = Release|Any CPU
		{1DAE1817-72D2-4E1E-BD95-5EA8AC4E5725}.Release|iPhoneSimulator.Build.0 = Release|Any CPU
		{1DAE1817-72D2-4E1E-BD95-5EA8AC4E5725}.Release|iPhoneSimulator.Deploy.0 = Release|Any CPU
		{9F6F3EE9-B09A-48A3-B54C-DB303868A5B5}.Ad-Hoc|Any CPU.ActiveCfg = Ad-Hoc|iPhone
		{9F6F3EE9-B09A-48A3-B54C-DB303868A5B5}.Ad-Hoc|iPhone.ActiveCfg = Ad-Hoc|iPhone
		{9F6F3EE9-B09A-48A3-B54C-DB303868A5B5}.Ad-Hoc|iPhone.Build.0 = Ad-Hoc|iPhone
		{9F6F3EE9-B09A-48A3-B54C-DB303868A5B5}.Ad-Hoc|iPhoneSimulator.ActiveCfg = Ad-Hoc|iPhoneSimulator
		{9F6F3EE9-B09A-48A3-B54C-DB303868A5B5}.Ad-Hoc|iPhoneSimulator.Build.0 = Ad-Hoc|iPhoneSimulator
		{9F6F3EE9-B09A-48A3-B54C-DB303868A5B5}.AppStore|Any CPU.ActiveCfg = AppStore|iPhone
		{9F6F3EE9-B09A-48A3-B54C-DB303868A5B5}.AppStore|iPhone.ActiveCfg = AppStore|iPhone
		{9F6F3EE9-B09A-48A3-B54C-DB303868A5B5}.AppStore|iPhone.Build.0 = AppStore|iPhone
		{9F6F3EE9-B09A-48A3-B54C-DB303868A5B5}.AppStore|iPhoneSimulator.ActiveCfg = AppStore|iPhoneSimulator
		{9F6F3EE9-B09A-48A3-B54C-DB303868A5B5}.AppStore|iPhoneSimulator.Build.0 = AppStore|iPhoneSimulator
		{9F6F3EE9-B09A-48A3-B54C-DB303868A5B5}.Debug|Any CPU.ActiveCfg = Debug|iPhone
		{9F6F3EE9-B09A-48A3-B54C-DB303868A5B5}.Debug|iPhone.ActiveCfg = Debug|iPhone
		{9F6F3EE9-B09A-48A3-B54C-DB303868A5B5}.Debug|iPhone.Build.0 = Debug|iPhone
		{9F6F3EE9-B09A-48A3-B54C-DB303868A5B5}.Debug|iPhoneSimulator.ActiveCfg = Debug|iPhoneSimulator
		{9F6F3EE9-B09A-48A3-B54C-DB303868A5B5}.Debug|iPhoneSimulator.Build.0 = Debug|iPhoneSimulator
		{9F6F3EE9-B09A-48A3-B54C-DB303868A5B5}.Release|Any CPU.ActiveCfg = Release|iPhone
		{9F6F3EE9-B09A-48A3-B54C-DB303868A5B5}.Release|iPhone.ActiveCfg = Release|iPhone
		{9F6F3EE9-B09A-48A3-B54C-DB303868A5B5}.Release|iPhone.Build.0 = Release|iPhone
		{9F6F3EE9-B09A-48A3-B54C-DB303868A5B5}.Release|iPhoneSimulator.ActiveCfg = Release|iPhoneSimulator
		{9F6F3EE9-B09A-48A3-B54C-DB303868A5B5}.Release|iPhoneSimulator.Build.0 = Release|iPhoneSimulator
		{F428AEF5-58F7-4937-8C62-AD6526082595}.Ad-Hoc|Any CPU.ActiveCfg = Debug|Any CPU
		{F428AEF5-58F7-4937-8C62-AD6526082595}.Ad-Hoc|Any CPU.Build.0 = Debug|Any CPU
		{F428AEF5-58F7-4937-8C62-AD6526082595}.Ad-Hoc|iPhone.ActiveCfg = Debug|Any CPU
		{F428AEF5-58F7-4937-8C62-AD6526082595}.Ad-Hoc|iPhone.Build.0 = Debug|Any CPU
		{F428AEF5-58F7-4937-8C62-AD6526082595}.Ad-Hoc|iPhoneSimulator.ActiveCfg = Debug|Any CPU
		{F428AEF5-58F7-4937-8C62-AD6526082595}.Ad-Hoc|iPhoneSimulator.Build.0 = Debug|Any CPU
		{F428AEF5-58F7-4937-8C62-AD6526082595}.AppStore|Any CPU.ActiveCfg = Debug|Any CPU
		{F428AEF5-58F7-4937-8C62-AD6526082595}.AppStore|Any CPU.Build.0 = Debug|Any CPU
		{F428AEF5-58F7-4937-8C62-AD6526082595}.AppStore|iPhone.ActiveCfg = Debug|Any CPU
		{F428AEF5-58F7-4937-8C62-AD6526082595}.AppStore|iPhone.Build.0 = Debug|Any CPU
		{F428AEF5-58F7-4937-8C62-AD6526082595}.AppStore|iPhoneSimulator.ActiveCfg = Debug|Any CPU
		{F428AEF5-58F7-4937-8C62-AD6526082595}.AppStore|iPhoneSimulator.Build.0 = Debug|Any CPU
		{F428AEF5-58F7-4937-8C62-AD6526082595}.Debug|Any CPU.ActiveCfg = Debug|Any CPU
		{F428AEF5-58F7-4937-8C62-AD6526082595}.Debug|Any CPU.Build.0 = Debug|Any CPU
		{F428AEF5-58F7-4937-8C62-AD6526082595}.Debug|iPhone.ActiveCfg = Debug|Any CPU
		{F428AEF5-58F7-4937-8C62-AD6526082595}.Debug|iPhone.Build.0 = Debug|Any CPU
		{F428AEF5-58F7-4937-8C62-AD6526082595}.Debug|iPhoneSimulator.ActiveCfg = Debug|Any CPU
		{F428AEF5-58F7-4937-8C62-AD6526082595}.Debug|iPhoneSimulator.Build.0 = Debug|Any CPU
		{F428AEF5-58F7-4937-8C62-AD6526082595}.Release|Any CPU.ActiveCfg = Release|Any CPU
		{F428AEF5-58F7-4937-8C62-AD6526082595}.Release|Any CPU.Build.0 = Release|Any CPU
		{F428AEF5-58F7-4937-8C62-AD6526082595}.Release|iPhone.ActiveCfg = Release|Any CPU
		{F428AEF5-58F7-4937-8C62-AD6526082595}.Release|iPhone.Build.0 = Release|Any CPU
		{F428AEF5-58F7-4937-8C62-AD6526082595}.Release|iPhoneSimulator.ActiveCfg = Release|Any CPU
		{F428AEF5-58F7-4937-8C62-AD6526082595}.Release|iPhoneSimulator.Build.0 = Release|Any CPU
		{09315620-41F3-49F1-AFA8-0C71C10A7578}.Ad-Hoc|Any CPU.ActiveCfg = Debug|Any CPU
		{09315620-41F3-49F1-AFA8-0C71C10A7578}.Ad-Hoc|Any CPU.Build.0 = Debug|Any CPU
		{09315620-41F3-49F1-AFA8-0C71C10A7578}.Ad-Hoc|iPhone.ActiveCfg = Debug|Any CPU
		{09315620-41F3-49F1-AFA8-0C71C10A7578}.Ad-Hoc|iPhone.Build.0 = Debug|Any CPU
		{09315620-41F3-49F1-AFA8-0C71C10A7578}.Ad-Hoc|iPhoneSimulator.ActiveCfg = Debug|Any CPU
		{09315620-41F3-49F1-AFA8-0C71C10A7578}.Ad-Hoc|iPhoneSimulator.Build.0 = Debug|Any CPU
		{09315620-41F3-49F1-AFA8-0C71C10A7578}.AppStore|Any CPU.ActiveCfg = Debug|Any CPU
		{09315620-41F3-49F1-AFA8-0C71C10A7578}.AppStore|Any CPU.Build.0 = Debug|Any CPU
		{09315620-41F3-49F1-AFA8-0C71C10A7578}.AppStore|iPhone.ActiveCfg = Debug|Any CPU
		{09315620-41F3-49F1-AFA8-0C71C10A7578}.AppStore|iPhone.Build.0 = Debug|Any CPU
		{09315620-41F3-49F1-AFA8-0C71C10A7578}.AppStore|iPhoneSimulator.ActiveCfg = Debug|Any CPU
		{09315620-41F3-49F1-AFA8-0C71C10A7578}.AppStore|iPhoneSimulator.Build.0 = Debug|Any CPU
		{09315620-41F3-49F1-AFA8-0C71C10A7578}.Debug|Any CPU.ActiveCfg = Debug|Any CPU
		{09315620-41F3-49F1-AFA8-0C71C10A7578}.Debug|Any CPU.Build.0 = Debug|Any CPU
		{09315620-41F3-49F1-AFA8-0C71C10A7578}.Debug|iPhone.ActiveCfg = Debug|Any CPU
		{09315620-41F3-49F1-AFA8-0C71C10A7578}.Debug|iPhone.Build.0 = Debug|Any CPU
		{09315620-41F3-49F1-AFA8-0C71C10A7578}.Debug|iPhoneSimulator.ActiveCfg = Debug|Any CPU
		{09315620-41F3-49F1-AFA8-0C71C10A7578}.Debug|iPhoneSimulator.Build.0 = Debug|Any CPU
		{09315620-41F3-49F1-AFA8-0C71C10A7578}.Release|Any CPU.ActiveCfg = Release|Any CPU
		{09315620-41F3-49F1-AFA8-0C71C10A7578}.Release|Any CPU.Build.0 = Release|Any CPU
		{09315620-41F3-49F1-AFA8-0C71C10A7578}.Release|iPhone.ActiveCfg = Release|Any CPU
		{09315620-41F3-49F1-AFA8-0C71C10A7578}.Release|iPhone.Build.0 = Release|Any CPU
		{09315620-41F3-49F1-AFA8-0C71C10A7578}.Release|iPhoneSimulator.ActiveCfg = Release|Any CPU
		{09315620-41F3-49F1-AFA8-0C71C10A7578}.Release|iPhoneSimulator.Build.0 = Release|Any CPU
	EndGlobalSection
	GlobalSection(SolutionProperties) = preSolution
		HideSolutionNode = FALSE
	EndGlobalSection
	GlobalSection(NestedProjects) = preSolution
		{1DAE1817-72D2-4E1E-BD95-5EA8AC4E5725} = {E26E9C00-64C0-46AB-8B4E-8327B0349242}
		{9F6F3EE9-B09A-48A3-B54C-DB303868A5B5} = {E26E9C00-64C0-46AB-8B4E-8327B0349242}
		{F428AEF5-58F7-4937-8C62-AD6526082595} = {E26E9C00-64C0-46AB-8B4E-8327B0349242}
	EndGlobalSection
	GlobalSection(ExtensibilityGlobals) = postSolution
		SolutionGuid = {DE34E385-AEB3-4CA9-8CAD-5D1936A18560}
	EndGlobalSection
EndGlobal
